
Microsoft Visual Studio Solution File, Format Version 12.00
# Visual Studio Version 17
VisualStudioVersion = 17.14.36414.22 d17.14
MinimumVisualStudioVersion = 10.0.40219.1
Project("{FAE04EC0-301F-11D3-BF4B-00C04F79EFBC}") = "GOSO Hotel.UI", "GOSO Hotel.UI\GOSO Hotel.UI.csproj", "{6352260B-F4B1-4D95-97DC-AE0ED910FC85}"
EndProject
Global
	GlobalSection(SolutionConfigurationPlatforms) = preSolution
		Debug|Any CPU = Debug|Any CPU
		Release|Any CPU = Release|Any CPU
	EndGlobalSection
	GlobalSection(ProjectConfigurationPlatforms) = postSolution
		{6352260B-F4B1-4D95-97DC-AE0ED910FC85}.Debug|Any CPU.ActiveCfg = Debug|Any CPU
		{6352260B-F4B1-4D95-97DC-AE0ED910FC85}.Debug|Any CPU.Build.0 = Debug|Any CPU
		{6352260B-F4B1-4D95-97DC-AE0ED910FC85}.Release|Any CPU.ActiveCfg = Release|Any CPU
		{6352260B-F4B1-4D95-97DC-AE0ED910FC85}.Release|Any CPU.Build.0 = Release|Any CPU
	EndGlobalSection
	GlobalSection(SolutionProperties) = preSolution
		HideSolutionNode = FALSE
	EndGlobalSection
	GlobalSection(ExtensibilityGlobals) = postSolution
		SolutionGuid = {A92C1772-C1FE-4CA9-AAD1-9A04DC111EC3}
	EndGlobalSection
EndGlobal
